
Microsoft Visual Studio Solution File, Format Version 12.00
# Visual Studio Version 17
VisualStudioVersion = 17.9.34723.18
MinimumVisualStudioVersion = 10.0.40219.1
Project("{FAE04EC0-301F-11D3-BF4B-00C04F79EFBC}") = "EntityFrameworkV3", "EntityFrameworkV3\EntityFrameworkV3.csproj", "{0A27311B-6B5B-47F7-BC0C-7B88A7A48297}"
EndProject
Global
	GlobalSection(SolutionConfigurationPlatforms) = preSolution
		Debug|Any CPU = Debug|Any CPU
		Release|Any CPU = Release|Any CPU
	EndGlobalSection
	GlobalSection(ProjectConfigurationPlatforms) = postSolution
		{0A27311B-6B5B-47F7-BC0C-7B88A7A48297}.Debug|Any CPU.ActiveCfg = Debug|Any CPU
		{0A27311B-6B5B-47F7-BC0C-7B88A7A48297}.Debug|Any CPU.Build.0 = Debug|Any CPU
		{0A27311B-6B5B-47F7-BC0C-7B88A7A48297}.Release|Any CPU.ActiveCfg = Release|Any CPU
		{0A27311B-6B5B-47F7-BC0C-7B88A7A48297}.Release|Any CPU.Build.0 = Release|Any CPU
	EndGlobalSection
	GlobalSection(SolutionProperties) = preSolution
		HideSolutionNode = FALSE
	EndGlobalSection
	GlobalSection(ExtensibilityGlobals) = postSolution
		SolutionGuid = {03C0464B-D3C4-4E5F-9658-1281D9F44D48}
	EndGlobalSection
EndGlobal
